<?xml version="1.0" encoding="utf-8"?>
<Project ToolsVersion="4.0" xmlns="http://schemas.microsoft.com/developer/msbuild/2003">
  <ItemGroup>
    <Filter Include="Platform">
      <UniqueIdentifier>{2AC788B4-1694-E3BF-3FAD-D1672BD9184E}</UniqueIdentifier>
    </Filter>
    <Filter Include="Platform\Windows">
      <UniqueIdentifier>{64FBD71A-50F4-F66C-7926-DCF1657ED678}</UniqueIdentifier>
    </Filter>
    <Filter Include="Turbo">
      <UniqueIdentifier>{D124310E-3D39-59BF-06BB-FC1E728E55F0}</UniqueIdentifier>
    </Filter>
    <Filter Include="Turbo\Events">
      <UniqueIdentifier>{951B35FC-817E-C4A0-2A04-FD5616469023}</UniqueIdentifier>
    </Filter>
  </ItemGroup>
  <ItemGroup>
    <ClInclude Include="src\Platform\Windows\WindowsWindow.h">
      <Filter>Platform\Windows</Filter>
    </ClInclude>
    <ClInclude Include="src\Turbo.h" />
    <ClInclude Include="src\Turbo\Application.h">
      <Filter>Turbo</Filter>
    </ClInclude>
    <ClInclude Include="src\Turbo\Core.h">
      <Filter>Turbo</Filter>
    </ClInclude>
    <ClInclude Include="src\Turbo\EntryPoint.h">
      <Filter>Turbo</Filter>
    </ClInclude>
    <ClInclude Include="src\Turbo\Events\ApplicationEvent.h">
      <Filter>Turbo\Events</Filter>
    </ClInclude>
    <ClInclude Include="src\Turbo\Events\Event.h">
      <Filter>Turbo\Events</Filter>
    </ClInclude>
    <ClInclude Include="src\Turbo\Events\KeyEvent.h">
      <Filter>Turbo\Events</Filter>
    </ClInclude>
    <ClInclude Include="src\Turbo\Events\MouseEvent.h">
      <Filter>Turbo\Events</Filter>
    </ClInclude>
    <ClInclude Include="src\Turbo\Log.h">
      <Filter>Turbo</Filter>
    </ClInclude>
    <ClInclude Include="src\Turbo\Window.h">
      <Filter>Turbo</Filter>
    </ClInclude>
    <ClInclude Include="src\tbpch.h" />
  </ItemGroup>
  <ItemGroup>
    <ClCompile Include="src\Platform\Windows\WindowsWindow.cpp">
      <Filter>Platform\Windows</Filter>
    </ClCompile>
    <ClCompile Include="src\Turbo\Application.cpp">
      <Filter>Turbo</Filter>
    </ClCompile>
    <ClCompile Include="src\Turbo\Log.cpp">
      <Filter>Turbo</Filter>
    </ClCompile>
    <ClCompile Include="src\tbpch.cpp" />
  </ItemGroup>
</Project>